lockfileVersion: '9.0'

settings:
  autoInstallPeers: true
  excludeLinksFromLockfile: false

importers:

  .:
    devDependencies:
      '@types/node':
        specifier: ^25.6.2
        version: 25.6.2
      tsx:
        specifier: ^4.21.0
        version: 4.21.0
      typescript:
        specifier: ^6.0.3
        version: 6.0.3

  packages/aliyun-fc:
    dependencies:
      '@itxtech/fdnext-core':
        specifier: workspace:*
        version: link:../core

  packages/cf-workers:
    dependencies:
      '@itxtech/fdnext-core':
        specifier: workspace:*
        version: link:../core

  packages/cli:
    dependencies:
      '@itxtech/fdnext-core':
        specifier: workspace:*
        version: link:../core

  packages/contract-test:
    dependencies:
      '@itxtech/fdnext-core':
        specifier: workspace:*
        version: link:../core

  packages/core: {}

  packages/fdbgen:
    dependencies:
      '@itxtech/fdnext-core':
        specifier: workspace:*
        version: link:../core

  packages/server:
    dependencies:
      '@hapi/hapi':
        specifier: ^21.4.4
        version: 21.4.4
      '@itxtech/fdnext-core':
        specifier: workspace:*
        version: link:../core

packages:

  '@esbuild/aix-ppc64@0.27.3':
    resolution: {integrity: sha512-9fJMTNFTWZMh5qwrBItuziu834eOCUcEqymSH7pY+zoMVEZg3gcPuBNxH1EvfVYe9h0x/Ptw8KBzv7qxb7l8dg==}
    engines: {node: '>=18'}
    cpu: [ppc64]
    os: [aix]

  '@esbuild/android-arm64@0.27.3':
    resolution: {integrity: sha512-YdghPYUmj/FX2SYKJ0OZxf+iaKgMsKHVPF1MAq/P8WirnSpCStzKJFjOjzsW0QQ7oIAiccHdcqjbHmJxRb/dmg==}
    engines: {node: '>=18'}
    cpu: [arm64]
    os: [android]

  '@esbuild/android-arm@0.27.3':
    resolution: {integrity: sha512-i5D1hPY7GIQmXlXhs2w8AWHhenb00+GxjxRncS2ZM7YNVGNfaMxgzSGuO8o8SJzRc/oZwU2bcScvVERk03QhzA==}
    engines: {node: '>=18'}
    cpu: [arm]
    os: [android]

  '@esbuild/android-x64@0.27.3':
    resolution: {integrity: sha512-IN/0BNTkHtk8lkOM8JWAYFg4ORxBkZQf9zXiEOfERX/CzxW3Vg1ewAhU7QSWQpVIzTW+b8Xy+lGzdYXV6UZObQ==}
    engines: {node: '>=18'}
    cpu: [x64]
    os: [android]

  '@esbuild/darwin-arm64@0.27.3':
    resolution: {integrity: sha512-Re491k7ByTVRy0t3EKWajdLIr0gz2kKKfzafkth4Q8A5n1xTHrkqZgLLjFEHVD+AXdUGgQMq+Godfq45mGpCKg==}
    engines: {node: '>=18'}
    cpu: [arm64]
    os: [darwin]

  '@esbuild/darwin-x64@0.27.3':
    resolution: {integrity: sha512-vHk/hA7/1AckjGzRqi6wbo+jaShzRowYip6rt6q7VYEDX4LEy1pZfDpdxCBnGtl+A5zq8iXDcyuxwtv3hNtHFg==}
    engines: {node: '>=18'}
    cpu: [x64]
    os: [darwin]

  '@esbuild/freebsd-arm64@0.27.3':
    resolution: {integrity: sha512-ipTYM2fjt3kQAYOvo6vcxJx3nBYAzPjgTCk7QEgZG8AUO3ydUhvelmhrbOheMnGOlaSFUoHXB6un+A7q4ygY9w==}
    engines: {node: '>=18'}
    cpu: [arm64]
    os: [freebsd]

  '@esbuild/freebsd-x64@0.27.3':
    resolution: {integrity: sha512-dDk0X87T7mI6U3K9VjWtHOXqwAMJBNN2r7bejDsc+j03SEjtD9HrOl8gVFByeM0aJksoUuUVU9TBaZa2rgj0oA==}
    engines: {node: '>=18'}
    cpu: [x64]
    os: [freebsd]

  '@esbuild/linux-arm64@0.27.3':
    resolution: {integrity: sha512-sZOuFz/xWnZ4KH3YfFrKCf1WyPZHakVzTiqji3WDc0BCl2kBwiJLCXpzLzUBLgmp4veFZdvN5ChW4Eq/8Fc2Fg==}
    engines: {node: '>=18'}
    cpu: [arm64]
    os: [linux]

  '@esbuild/linux-arm@0.27.3':
    resolution: {integrity: sha512-s6nPv2QkSupJwLYyfS+gwdirm0ukyTFNl3KTgZEAiJDd+iHZcbTPPcWCcRYH+WlNbwChgH2QkE9NSlNrMT8Gfw==}
    engines: {node: '>=18'}
    cpu: [arm]
    os: [linux]

  '@esbuild/linux-ia32@0.27.3':
    resolution: {integrity: sha512-yGlQYjdxtLdh0a3jHjuwOrxQjOZYD/C9PfdbgJJF3TIZWnm/tMd/RcNiLngiu4iwcBAOezdnSLAwQDPqTmtTYg==}
    engines: {node: '>=18'}
    cpu: [ia32]
    os: [linux]

  '@esbuild/linux-loong64@0.27.3':
    resolution: {integrity: sha512-WO60Sn8ly3gtzhyjATDgieJNet/KqsDlX5nRC5Y3oTFcS1l0KWba+SEa9Ja1GfDqSF1z6hif/SkpQJbL63cgOA==}
    engines: {node: '>=18'}
    cpu: [loong64]
    os: [linux]

  '@esbuild/linux-mips64el@0.27.3':
    resolution: {integrity: sha512-APsymYA6sGcZ4pD6k+UxbDjOFSvPWyZhjaiPyl/f79xKxwTnrn5QUnXR5prvetuaSMsb4jgeHewIDCIWljrSxw==}
    engines: {node: '>=18'}
    cpu: [mips64el]
    os: [linux]

  '@esbuild/linux-ppc64@0.27.3':
    resolution: {integrity: sha512-eizBnTeBefojtDb9nSh4vvVQ3V9Qf9Df01PfawPcRzJH4gFSgrObw+LveUyDoKU3kxi5+9RJTCWlj4FjYXVPEA==}
    engines: {node: '>=18'}
    cpu: [ppc64]
    os: [linux]

  '@esbuild/linux-riscv64@0.27.3':
    resolution: {integrity: sha512-3Emwh0r5wmfm3ssTWRQSyVhbOHvqegUDRd0WhmXKX2mkHJe1SFCMJhagUleMq+Uci34wLSipf8Lagt4LlpRFWQ==}
    engines: {node: '>=18'}
    cpu: [riscv64]
    os: [linux]

  '@esbuild/linux-s390x@0.27.3':
    resolution: {integrity: sha512-pBHUx9LzXWBc7MFIEEL0yD/ZVtNgLytvx60gES28GcWMqil8ElCYR4kvbV2BDqsHOvVDRrOxGySBM9Fcv744hw==}
    engines: {node: '>=18'}
    cpu: [s390x]
    os: [linux]

  '@esbuild/linux-x64@0.27.3':
    resolution: {integrity: sha512-Czi8yzXUWIQYAtL/2y6vogER8pvcsOsk5cpwL4Gk5nJqH5UZiVByIY8Eorm5R13gq+DQKYg0+JyQoytLQas4dA==}
    engines: {node: '>=18'}
    cpu: [x64]
    os: [linux]

  '@esbuild/netbsd-arm64@0.27.3':
    resolution: {integrity: sha512-sDpk0RgmTCR/5HguIZa9n9u+HVKf40fbEUt+iTzSnCaGvY9kFP0YKBWZtJaraonFnqef5SlJ8/TiPAxzyS+UoA==}
    engines: {node: '>=18'}
    cpu: [arm64]
    os: [netbsd]

  '@esbuild/netbsd-x64@0.27.3':
    resolution: {integrity: sha512-P14lFKJl/DdaE00LItAukUdZO5iqNH7+PjoBm+fLQjtxfcfFE20Xf5CrLsmZdq5LFFZzb5JMZ9grUwvtVYzjiA==}
    engines: {node: '>=18'}
    cpu: [x64]
    os: [netbsd]

  '@esbuild/openbsd-arm64@0.27.3':
    resolution: {integrity: sha512-AIcMP77AvirGbRl/UZFTq5hjXK+2wC7qFRGoHSDrZ5v5b8DK/GYpXW3CPRL53NkvDqb9D+alBiC/dV0Fb7eJcw==}
    engines: {node: '>=18'}
    cpu: [arm64]
    os: [openbsd]

  '@esbuild/openbsd-x64@0.27.3':
    resolution: {integrity: sha512-DnW2sRrBzA+YnE70LKqnM3P+z8vehfJWHXECbwBmH/CU51z6FiqTQTHFenPlHmo3a8UgpLyH3PT+87OViOh1AQ==}
    engines: {node: '>=18'}
    cpu: [x64]
    os: [openbsd]

  '@esbuild/openharmony-arm64@0.27.3':
    resolution: {integrity: sha512-NinAEgr/etERPTsZJ7aEZQvvg/A6IsZG/LgZy+81wON2huV7SrK3e63dU0XhyZP4RKGyTm7aOgmQk0bGp0fy2g==}
    engines: {node: '>=18'}
    cpu: [arm64]
    os: [openharmony]

  '@esbuild/sunos-x64@0.27.3':
    resolution: {integrity: sha512-PanZ+nEz+eWoBJ8/f8HKxTTD172SKwdXebZ0ndd953gt1HRBbhMsaNqjTyYLGLPdoWHy4zLU7bDVJztF5f3BHA==}
    engines: {node: '>=18'}
    cpu: [x64]
    os: [sunos]

  '@esbuild/win32-arm64@0.27.3':
    resolution: {integrity: sha512-B2t59lWWYrbRDw/tjiWOuzSsFh1Y/E95ofKz7rIVYSQkUYBjfSgf6oeYPNWHToFRr2zx52JKApIcAS/D5TUBnA==}
    engines: {node: '>=18'}
    cpu: [arm64]
    os: [win32]

  '@esbuild/win32-ia32@0.27.3':
    resolution: {integrity: sha512-QLKSFeXNS8+tHW7tZpMtjlNb7HKau0QDpwm49u0vUp9y1WOF+PEzkU84y9GqYaAVW8aH8f3GcBck26jh54cX4Q==}
    engines: {node: '>=18'}
    cpu: [ia32]
    os: [win32]

  '@esbuild/win32-x64@0.27.3':
    resolution: {integrity: sha512-4uJGhsxuptu3OcpVAzli+/gWusVGwZZHTlS63hh++ehExkVT8SgiEf7/uC/PclrPPkLhZqGgCTjd0VWLo6xMqA==}
    engines: {node: '>=18'}
    cpu: [x64]
    os: [win32]

  '@hapi/accept@6.0.3':
    resolution: {integrity: sha512-p72f9k56EuF0n3MwlBNThyVE5PXX40g+aQh+C/xbKrfzahM2Oispv3AXmOIU51t3j77zay1qrX7IIziZXspMlw==}

  '@hapi/ammo@6.0.1':
    resolution: {integrity: sha512-pmL+nPod4g58kXrMcsGLp05O2jF4P2Q3GiL8qYV7nKYEh3cGf+rV4P5Jyi2Uq0agGhVU63GtaSAfBEZOlrJn9w==}

  '@hapi/b64@6.0.1':
    resolution: {integrity: sha512-ZvjX4JQReUmBheeCq+S9YavcnMMHWqx3S0jHNXWIM1kQDxB9cyfSycpVvjfrKcIS8Mh5N3hmu/YKo4Iag9g2Kw==}

  '@hapi/boom@10.0.1':
    resolution: {integrity: sha512-ERcCZaEjdH3OgSJlyjVk8pHIFeus91CjKP3v+MpgBNp5IvGzP2l/bRiD78nqYcKPaZdbKkK5vDBVPd2ohHBlsA==}

  '@hapi/bounce@3.0.2':
    resolution: {integrity: sha512-d0XmlTi3H9HFDHhQLjg4F4auL1EY3Wqj7j7/hGDhFFe6xAbnm3qiGrXeT93zZnPH8gH+SKAFYiRzu26xkXcH3g==}

  '@hapi/bourne@3.0.0':
    resolution: {integrity: sha512-Waj1cwPXJDucOib4a3bAISsKJVb15MKi9IvmTI/7ssVEm6sywXGjVJDhl6/umt1pK1ZS7PacXU3A1PmFKHEZ2w==}

  '@hapi/call@9.0.1':
    resolution: {integrity: sha512-uPojQRqEL1GRZR4xXPqcLMujQGaEpyVPRyBlD8Pp5rqgIwLhtveF9PkixiKru2THXvuN8mUrLeet5fqxKAAMGg==}

  '@hapi/catbox-memory@6.0.2':
    resolution: {integrity: sha512-H1l4ugoFW/ZRkqeFrIo8p1rWN0PA4MDTfu4JmcoNDvnY975o29mqoZblqFTotxNHlEkMPpIiIBJTV+Mbi+aF0g==}

  '@hapi/catbox@12.1.1':
    resolution: {integrity: sha512-hDqYB1J+R0HtZg4iPH3LEnldoaBsar6bYp0EonBmNQ9t5CO+1CqgCul2ZtFveW1ReA5SQuze9GPSU7/aecERhw==}

  '@hapi/content@6.0.0':
    resolution: {integrity: sha512-CEhs7j+H0iQffKfe5Htdak5LBOz/Qc8TRh51cF+BFv0qnuph3Em4pjGVzJMkI2gfTDdlJKWJISGWS1rK34POGA==}

  '@hapi/cryptiles@6.0.3':
    resolution: {integrity: sha512-r6VKalpbMHz4ci3gFjFysBmhwCg70RpYZy6OkjEpdXzAYnYFX5XsW7n4YMJvuIYpnMwLxGUjK/cBhA7X3JDvXw==}
    engines: {node: '>=14.0.0'}

  '@hapi/file@3.0.0':
    resolution: {integrity: sha512-w+lKW+yRrLhJu620jT3y+5g2mHqnKfepreykvdOcl9/6up8GrQQn+l3FRTsjHTKbkbfQFkuksHpdv2EcpKcJ4Q==}

  '@hapi/hapi@21.4.4':
    resolution: {integrity: sha512-vI6JPLR99WZDKI1nriD0qXDPp8sKFkZfNVGrDDZafDQ8jU+3ERMwS0vPac5aGae6yyyoGZGOBiYExw4N8ScSTQ==}
    engines: {node: '>=14.15.0'}

  '@hapi/heavy@8.0.1':
    resolution: {integrity: sha512-gBD/NANosNCOp6RsYTsjo2vhr5eYA3BEuogk6cxY0QdhllkkTaJFYtTXv46xd6qhBVMbMMqcSdtqey+UQU3//w==}

  '@hapi/hoek@11.0.7':
    resolution: {integrity: sha512-HV5undWkKzcB4RZUusqOpcgxOaq6VOAH7zhhIr2g3G8NF/MlFO75SjOr2NfuSx0Mh40+1FqCkagKLJRykUWoFQ==}

  '@hapi/iron@7.0.1':
    resolution: {integrity: sha512-tEZnrOujKpS6jLKliyWBl3A9PaE+ppuL/+gkbyPPDb/l2KSKQyH4lhMkVb+sBhwN+qaxxlig01JRqB8dk/mPxQ==}

  '@hapi/mimos@7.0.1':
    resolution: {integrity: sha512-b79V+BrG0gJ9zcRx1VGcCI6r6GEzzZUgiGEJVoq5gwzuB2Ig9Cax8dUuBauQCFKvl2YWSWyOc8mZ8HDaJOtkew==}

  '@hapi/nigel@5.0.1':
    resolution: {integrity: sha512-uv3dtYuB4IsNaha+tigWmN8mQw/O9Qzl5U26Gm4ZcJVtDdB1AVJOwX3X5wOX+A07qzpEZnOMBAm8jjSqGsU6Nw==}
    engines: {node: '>=14.0.0'}

  '@hapi/pez@6.1.0':
    resolution: {integrity: sha512-+FE3sFPYuXCpuVeHQ/Qag1b45clR2o54QoonE/gKHv9gukxQ8oJJZPR7o3/ydDTK6racnCJXxOyT1T93FCJMIg==}

  '@hapi/podium@5.0.2':
    resolution: {integrity: sha512-T7gf2JYHQQfEfewTQFbsaXoZxSvuXO/QBIGljucUQ/lmPnTTNAepoIKOakWNVWvo2fMEDjycu77r8k6dhreqHA==}

  '@hapi/shot@6.0.2':
    resolution: {integrity: sha512-WKK1ShfJTrL1oXC0skoIZQYzvLsyMDEF8lfcWuQBjpjCN29qivr9U36ld1z0nt6edvzv28etNMOqUF4klnHryw==}

  '@hapi/somever@4.1.1':
    resolution: {integrity: sha512-lt3QQiDDOVRatS0ionFDNrDIv4eXz58IibQaZQDOg4DqqdNme8oa0iPWcE0+hkq/KTeBCPtEOjDOBKBKwDumVg==}

  '@hapi/statehood@8.2.1':
    resolution: {integrity: sha512-xf72TG/QINW26jUu+uL5H+crE1o8GplIgfPWwPZhnAGJzetIVAQEQYvzq+C0aEVHg5/lMMtQ+L9UryuSa5Yjkg==}

  '@hapi/subtext@8.1.1':
    resolution: {integrity: sha512-ex1Y2s/KuJktS8Ww0k6XJ5ysSKrzNym4i5pDVuCwlSgHHviHUsT1JNzE6FYhNU9TTHSNdyfue/t2m89bpkX9Jw==}

  '@hapi/teamwork@6.0.1':
    resolution: {integrity: sha512-52OXRslUfYwXAOG8k58f2h2ngXYQGP0x5RPOo+eWA/FtyLgHjGMrE3+e9LSXP/0q2YfHAK5wj9aA9DTy1K+kyQ==}
    engines: {node: '>=14.0.0'}

  '@hapi/topo@6.0.2':
    resolution: {integrity: sha512-KR3rD5inZbGMrHmgPxsJ9dbi6zEK+C3ZwUwTa+eMwWLz7oijWUTWD2pMSNNYJAU6Qq+65NkxXjqHr/7LM2Xkqg==}

  '@hapi/validate@2.0.1':
    resolution: {integrity: sha512-NZmXRnrSLK8MQ9y/CMqE9WSspgB9xA41/LlYR0k967aSZebWr4yNrpxIbov12ICwKy4APSlWXZga9jN5p6puPA==}

  '@hapi/vise@5.0.1':
    resolution: {integrity: sha512-XZYWzzRtINQLedPYlIkSkUr7m5Ddwlu99V9elh8CSygXstfv3UnWIXT0QD+wmR0VAG34d2Vx3olqcEhRRoTu9A==}

  '@hapi/wreck@18.1.0':
    resolution: {integrity: sha512-0z6ZRCmFEfV/MQqkQomJ7sl/hyxvcZM7LtuVqN3vdAO4vM9eBbowl0kaqQj9EJJQab+3Uuh1GxbGIBFy4NfJ4w==}

  '@types/node@25.6.2':
    resolution: {integrity: sha512-sokuT28dxf9JT5Kady1fsXOvI4HVpjZa95NKT5y9PNTIrs2AsobR4GFAA90ZG8M+nxVRLysCXsVj6eGC7Vbrlw==}

  esbuild@0.27.3:
    resolution: {integrity: sha512-8VwMnyGCONIs6cWue2IdpHxHnAjzxnw2Zr7MkVxB2vjmQ2ivqGFb4LEG3SMnv0Gb2F/G/2yA8zUaiL1gywDCCg==}
    engines: {node: '>=18'}
    hasBin: true

  fsevents@2.3.3:
    resolution: {integrity: sha512-5xoDfX+fL7faATnagmWPpbFtwh/R77WmMMqqHGS65C3vvB0YHrgF+B1YmZ3441tMj5n63k0212XNoJwzlhffQw==}
    engines: {node: ^8.16.0 || ^10.6.0 || >=11.0.0}
    os: [darwin]

  get-tsconfig@4.13.6:
    resolution: {integrity: sha512-shZT/QMiSHc/YBLxxOkMtgSid5HFoauqCE3/exfsEcwg1WkeqjG+V40yBbBrsD+jW2HDXcs28xOfcbm2jI8Ddw==}

  mime-db@1.54.0:
    resolution: {integrity: sha512-aU5EJuIN2WDemCcAp2vFBfp/m4EAhWJnUNSSw0ixs7/kXbd6Pg64EmwJkNdFhB8aWt1sH2CTXrLxo/iAGV3oPQ==}
    engines: {node: '>= 0.6'}

  resolve-pkg-maps@1.0.0:
    resolution: {integrity: sha512-seS2Tj26TBVOC2NIc2rOe2y2ZO7efxITtLZcGSOnHHNOQ7CkiUBfw0Iw2ck6xkIhPwLhKNLS8BO+hEpngQlqzw==}

  tsx@4.21.0:
    resolution: {integrity: sha512-5C1sg4USs1lfG0GFb2RLXsdpXqBSEhAaA/0kPL01wxzpMqLILNxIxIOKiILz+cdg/pLnOUxFYOR5yhHU666wbw==}
    engines: {node: '>=18.0.0'}
    hasBin: true

  typescript@6.0.3:
    resolution: {integrity: sha512-y2TvuxSZPDyQakkFRPZHKFm+KKVqIisdg9/CZwm9ftvKXLP8NRWj38/ODjNbr43SsoXqNuAisEf1GdCxqWcdBw==}
    engines: {node: '>=14.17'}
    hasBin: true

  undici-types@7.19.2:
    resolution: {integrity: sha512-qYVnV5OEm2AW8cJMCpdV20CDyaN3g0AjDlOGf1OW4iaDEx8MwdtChUp4zu4H0VP3nDRF/8RKWH+IPp9uW0YGZg==}

snapshots:

  '@esbuild/aix-ppc64@0.27.3':
    optional: true

  '@esbuild/android-arm64@0.27.3':
    optional: true

  '@esbuild/android-arm@0.27.3':
    optional: true

  '@esbuild/android-x64@0.27.3':
    optional: true

  '@esbuild/darwin-arm64@0.27.3':
    optional: true

  '@esbuild/darwin-x64@0.27.3':
    optional: true

  '@esbuild/freebsd-arm64@0.27.3':
    optional: true

  '@esbuild/freebsd-x64@0.27.3':
    optional: true

  '@esbuild/linux-arm64@0.27.3':
    optional: true

  '@esbuild/linux-arm@0.27.3':
    optional: true

  '@esbuild/linux-ia32@0.27.3':
    optional: true

  '@esbuild/linux-loong64@0.27.3':
    optional: true

  '@esbuild/linux-mips64el@0.27.3':
    optional: true

  '@esbuild/linux-ppc64@0.27.3':
    optional: true

  '@esbuild/linux-riscv64@0.27.3':
    optional: true

  '@esbuild/linux-s390x@0.27.3':
    optional: true

  '@esbuild/linux-x64@0.27.3':
    optional: true

  '@esbuild/netbsd-arm64@0.27.3':
    optional: true

  '@esbuild/netbsd-x64@0.27.3':
    optional: true

  '@esbuild/openbsd-arm64@0.27.3':
    optional: true

  '@esbuild/openbsd-x64@0.27.3':
    optional: true

  '@esbuild/openharmony-arm64@0.27.3':
    optional: true

  '@esbuild/sunos-x64@0.27.3':
    optional: true

  '@esbuild/win32-arm64@0.27.3':
    optional: true

  '@esbuild/win32-ia32@0.27.3':
    optional: true

  '@esbuild/win32-x64@0.27.3':
    optional: true

  '@hapi/accept@6.0.3':
    dependencies:
      '@hapi/boom': 10.0.1
      '@hapi/hoek': 11.0.7

  '@hapi/ammo@6.0.1':
    dependencies:
      '@hapi/hoek': 11.0.7

  '@hapi/b64@6.0.1':
    dependencies:
      '@hapi/hoek': 11.0.7

  '@hapi/boom@10.0.1':
    dependencies:
      '@hapi/hoek': 11.0.7

  '@hapi/bounce@3.0.2':
    dependencies:
      '@hapi/boom': 10.0.1
      '@hapi/hoek': 11.0.7

  '@hapi/bourne@3.0.0': {}

  '@hapi/call@9.0.1':
    dependencies:
      '@hapi/boom': 10.0.1
      '@hapi/hoek': 11.0.7

  '@hapi/catbox-memory@6.0.2':
    dependencies:
      '@hapi/boom': 10.0.1
      '@hapi/hoek': 11.0.7

  '@hapi/catbox@12.1.1':
    dependencies:
      '@hapi/boom': 10.0.1
      '@hapi/hoek': 11.0.7
      '@hapi/podium': 5.0.2
      '@hapi/validate': 2.0.1

  '@hapi/content@6.0.0':
    dependencies:
      '@hapi/boom': 10.0.1

  '@hapi/cryptiles@6.0.3':
    dependencies:
      '@hapi/boom': 10.0.1

  '@hapi/file@3.0.0': {}

  '@hapi/hapi@21.4.4':
    dependencies:
      '@hapi/accept': 6.0.3
      '@hapi/ammo': 6.0.1
      '@hapi/boom': 10.0.1
      '@hapi/bounce': 3.0.2
      '@hapi/call': 9.0.1
      '@hapi/catbox': 12.1.1
      '@hapi/catbox-memory': 6.0.2
      '@hapi/heavy': 8.0.1
      '@hapi/hoek': 11.0.7
      '@hapi/mimos': 7.0.1
      '@hapi/podium': 5.0.2
      '@hapi/shot': 6.0.2
      '@hapi/somever': 4.1.1
      '@hapi/statehood': 8.2.1
      '@hapi/subtext': 8.1.1
      '@hapi/teamwork': 6.0.1
      '@hapi/topo': 6.0.2
      '@hapi/validate': 2.0.1

  '@hapi/heavy@8.0.1':
    dependencies:
      '@hapi/boom': 10.0.1
      '@hapi/hoek': 11.0.7
      '@hapi/validate': 2.0.1

  '@hapi/hoek@11.0.7': {}

  '@hapi/iron@7.0.1':
    dependencies:
      '@hapi/b64': 6.0.1
      '@hapi/boom': 10.0.1
      '@hapi/bourne': 3.0.0
      '@hapi/cryptiles': 6.0.3
      '@hapi/hoek': 11.0.7

  '@hapi/mimos@7.0.1':
    dependencies:
      '@hapi/hoek': 11.0.7
      mime-db: 1.54.0

  '@hapi/nigel@5.0.1':
    dependencies:
      '@hapi/hoek': 11.0.7
      '@hapi/vise': 5.0.1

  '@hapi/pez@6.1.0':
    dependencies:
      '@hapi/b64': 6.0.1
      '@hapi/boom': 10.0.1
      '@hapi/content': 6.0.0
      '@hapi/hoek': 11.0.7
      '@hapi/nigel': 5.0.1

  '@hapi/podium@5.0.2':
    dependencies:
      '@hapi/hoek': 11.0.7
      '@hapi/teamwork': 6.0.1
      '@hapi/validate': 2.0.1

  '@hapi/shot@6.0.2':
    dependencies:
      '@hapi/hoek': 11.0.7
      '@hapi/validate': 2.0.1

  '@hapi/somever@4.1.1':
    dependencies:
      '@hapi/bounce': 3.0.2
      '@hapi/hoek': 11.0.7

  '@hapi/statehood@8.2.1':
    dependencies:
      '@hapi/boom': 10.0.1
      '@hapi/bounce': 3.0.2
      '@hapi/bourne': 3.0.0
      '@hapi/cryptiles': 6.0.3
      '@hapi/hoek': 11.0.7
      '@hapi/iron': 7.0.1
      '@hapi/validate': 2.0.1

  '@hapi/subtext@8.1.1':
    dependencies:
      '@hapi/boom': 10.0.1
      '@hapi/bourne': 3.0.0
      '@hapi/content': 6.0.0
      '@hapi/file': 3.0.0
      '@hapi/hoek': 11.0.7
      '@hapi/pez': 6.1.0
      '@hapi/wreck': 18.1.0

  '@hapi/teamwork@6.0.1': {}

  '@hapi/topo@6.0.2':
    dependencies:
      '@hapi/hoek': 11.0.7

  '@hapi/validate@2.0.1':
    dependencies:
      '@hapi/hoek': 11.0.7
      '@hapi/topo': 6.0.2

  '@hapi/vise@5.0.1':
    dependencies:
      '@hapi/hoek': 11.0.7

  '@hapi/wreck@18.1.0':
    dependencies:
      '@hapi/boom': 10.0.1
      '@hapi/bourne': 3.0.0
      '@hapi/hoek': 11.0.7

  '@types/node@25.6.2':
    dependencies:
      undici-types: 7.19.2

  esbuild@0.27.3:
    optionalDependencies:
      '@esbuild/aix-ppc64': 0.27.3
      '@esbuild/android-arm': 0.27.3
      '@esbuild/android-arm64': 0.27.3
      '@esbuild/android-x64': 0.27.3
      '@esbuild/darwin-arm64': 0.27.3
      '@esbuild/darwin-x64': 0.27.3
      '@esbuild/freebsd-arm64': 0.27.3
      '@esbuild/freebsd-x64': 0.27.3
      '@esbuild/linux-arm': 0.27.3
      '@esbuild/linux-arm64': 0.27.3
      '@esbuild/linux-ia32': 0.27.3
      '@esbuild/linux-loong64': 0.27.3
      '@esbuild/linux-mips64el': 0.27.3
      '@esbuild/linux-ppc64': 0.27.3
      '@esbuild/linux-riscv64': 0.27.3
      '@esbuild/linux-s390x': 0.27.3
      '@esbuild/linux-x64': 0.27.3
      '@esbuild/netbsd-arm64': 0.27.3
      '@esbuild/netbsd-x64': 0.27.3
      '@esbuild/openbsd-arm64': 0.27.3
      '@esbuild/openbsd-x64': 0.27.3
      '@esbuild/openharmony-arm64': 0.27.3
      '@esbuild/sunos-x64': 0.27.3
      '@esbuild/win32-arm64': 0.27.3
      '@esbuild/win32-ia32': 0.27.3
      '@esbuild/win32-x64': 0.27.3

  fsevents@2.3.3:
    optional: true

  get-tsconfig@4.13.6:
    dependencies:
      resolve-pkg-maps: 1.0.0

  mime-db@1.54.0: {}

  resolve-pkg-maps@1.0.0: {}

  tsx@4.21.0:
    dependencies:
      esbuild: 0.27.3
      get-tsconfig: 4.13.6
    optionalDependencies:
      fsevents: 2.3.3

  typescript@6.0.3: {}

  undici-types@7.19.2: {}
